// !$*UTF8*$!
{
	archiveVersion = 1;
	classes = {
	};
	objectVersion = 77;
	objects = {

/* Begin PBXBuildFile section */
		8210AEF42F3DDC870093C833 /* Operation.swift in Sources */ = {isa = PBXBuildFile; fileRef = 8210AEF32F3DDC870093C833 /* Operation.swift */; };
		8210AF082F3DF16A0093C833 /* ContentView.swift in Sources */ = {isa = PBXBuildFile; fileRef = 8210AF022F3DF16A0093C833 /* ContentView.swift */; };
		8210AF092F3DF16A0093C833 /* OperationListView.swift in Sources */ = {isa = PBXBuildFile; fileRef = 8210AF062F3DF16A0093C833 /* OperationListView.swift */; };
		8210AF0A2F3DF16A0093C833 /* OperationDetailView.swift in Sources */ = {isa = PBXBuildFile; fileRef = 8210AF052F3DF16A0093C833 /* OperationDetailView.swift */; };
		8210AF0B2F3DF16A0093C833 /* LoggedInView.swift in Sources */ = {isa = PBXBuildFile; fileRef = 8210AF032F3DF16A0093C833 /* LoggedInView.swift */; };
		8210AF0C2F3DF16A0093C833 /* LoginView.swift in Sources */ = {isa = PBXBuildFile; fileRef = 8210AF042F3DF16A0093C833 /* LoginView.swift */; };
		8210AF0F2F3DFFC70093C833 /* OperationRowView.swift in Sources */ = {isa = PBXBuildFile; fileRef = 8210AF0E2F3DFFC40093C833 /* OperationRowView.swift */; };
		822DB17C2F487FF60093A51D /* ListViewModel.swift in Sources */ = {isa = PBXBuildFile; fileRef = 822DB17A2F487FF60093A51D /* ListViewModel.swift */; };
		823BD87A2F757AE80018DC35 /* OperationsStorageProtocol.swift in Sources */ = {isa = PBXBuildFile; fileRef = 823BD8792F757AE50018DC35 /* OperationsStorageProtocol.swift */; };
		823E57602F742BC700372A2F /* OperationType.swift in Sources */ = {isa = PBXBuildFile; fileRef = 823E575F2F742BBA00372A2F /* OperationType.swift */; };
		8244D0362F505F4400D0E1B9 /* FormViewModel.swift in Sources */ = {isa = PBXBuildFile; fileRef = 8244D0352F505F3500D0E1B9 /* FormViewModel.swift */; };
		8244D0382F505F7000D0E1B9 /* OperationFormView.swift in Sources */ = {isa = PBXBuildFile; fileRef = 8244D0372F505F6800D0E1B9 /* OperationFormView.swift */; };
		828667D62FF5779100F77A27 /* TestMockStorage.swift in Sources */ = {isa = PBXBuildFile; fileRef = 828667D52FF5778D00F77A27 /* TestMockStorage.swift */; };
		828A56382F9FDD2100A478B7 /* MockStorage.swift in Sources */ = {isa = PBXBuildFile; fileRef = 828A56372F9FDD1800A478B7 /* MockStorage.swift */; };
		82AC3B982FA905FC00F7169E /* StorageError.swift in Sources */ = {isa = PBXBuildFile; fileRef = 82AC3B972FA905F800F7169E /* StorageError.swift */; };
		82D823682FED8BC7008B80F2 /* Assets.xcassets in Resources */ = {isa = PBXBuildFile; fileRef = 82D823662FED8BC7008B80F2 /* Assets.xcassets */; };
		82D823692FED8BC7008B80F2 /* BudgetApp.swift in Sources */ = {isa = PBXBuildFile; fileRef = 82D823672FED8BC7008B80F2 /* BudgetApp.swift */; };
/* End PBXBuildFile section */

/* Begin PBXContainerItemProxy section */
		82D823782FED8EA1008B80F2 /* PBXContainerItemProxy */ = {
			isa = PBXContainerItemProxy;
			containerPortal = 8238059C2F3A4D6900AF0473 /* Project object */;
			proxyType = 1;
			remoteGlobalIDString = 823805A32F3A4D6900AF0473;
			remoteInfo = Budget;
		};
/* End PBXContainerItemProxy section */

/* Begin PBXFileReference section */
		8210AEF32F3DDC870093C833 /* Operation.swift */ = {isa = PBXFileReference; lastKnownFileType = sourcecode.swift; path = Operation.swift; sourceTree = "<group>"; };
		8210AF022F3DF16A0093C833 /* ContentView.swift */ = {isa = PBXFileReference; lastKnownFileType = sourcecode.swift; path = ContentView.swift; sourceTree = "<group>"; };
		8210AF032F3DF16A0093C833 /* LoggedInView.swift */ = {isa = PBXFileReference; lastKnownFileType = sourcecode.swift; path = LoggedInView.swift; sourceTree = "<group>"; };
		8210AF042F3DF16A0093C833 /* LoginView.swift */ = {isa = PBXFileReference; lastKnownFileType = sourcecode.swift; path = LoginView.swift; sourceTree = "<group>"; };
		8210AF052F3DF16A0093C833 /* OperationDetailView.swift */ = {isa = PBXFileReference; lastKnownFileType = sourcecode.swift; path = OperationDetailView.swift; sourceTree = "<group>"; };
		8210AF062F3DF16A0093C833 /* OperationListView.swift */ = {isa = PBXFileReference; lastKnownFileType = sourcecode.swift; path = OperationListView.swift; sourceTree = "<group>"; };
		8210AF0E2F3DFFC40093C833 /* OperationRowView.swift */ = {isa = PBXFileReference; lastKnownFileType = sourcecode.swift; path = OperationRowView.swift; sourceTree = "<group>"; };
		822DB17A2F487FF60093A51D /* ListViewModel.swift */ = {isa = PBXFileReference; lastKnownFileType = sourcecode.swift; path = ListViewModel.swift; sourceTree = "<group>"; };
		823805A42F3A4D6900AF0473 /* Budget.app */ = {isa = PBXFileReference; explicitFileType = wrapper.application; includeInIndex = 0; path = Budget.app; sourceTree = BUILT_PRODUCTS_DIR; };
		823BD8792F757AE50018DC35 /* OperationsStorageProtocol.swift */ = {isa = PBXFileReference; lastKnownFileType = sourcecode.swift; path = OperationsStorageProtocol.swift; sourceTree = "<group>"; };
		823E575F2F742BBA00372A2F /* OperationType.swift */ = {isa = PBXFileReference; lastKnownFileType = sourcecode.swift; path = OperationType.swift; sourceTree = "<group>"; };
		8244D0352F505F3500D0E1B9 /* FormViewModel.swift */ = {isa = PBXFileReference; lastKnownFileType = sourcecode.swift; path = FormViewModel.swift; sourceTree = "<group>"; };
		8244D0372F505F6800D0E1B9 /* OperationFormView.swift */ = {isa = PBXFileReference; lastKnownFileType = sourcecode.swift; path = OperationFormView.swift; sourceTree = "<group>"; };
		828667D52FF5778D00F77A27 /* TestMockStorage.swift */ = {isa = PBXFileReference; lastKnownFileType = sourcecode.swift; path = TestMockStorage.swift; sourceTree = "<group>"; };
		828A56372F9FDD1800A478B7 /* MockStorage.swift */ = {isa = PBXFileReference; lastKnownFileType = sourcecode.swift; path = MockStorage.swift; sourceTree = "<group>"; };
		82AC3B972FA905F800F7169E /* StorageError.swift */ = {isa = PBXFileReference; lastKnownFileType = sourcecode.swift; path = StorageError.swift; sourceTree = "<group>"; };
		82D823662FED8BC7008B80F2 /* Assets.xcassets */ = {isa = PBXFileReference; lastKnownFileType = folder.assetcatalog; path = Assets.xcassets; sourceTree = "<group>"; };
		82D823672FED8BC7008B80F2 /* BudgetApp.swift */ = {isa = PBXFileReference; lastKnownFileType = sourcecode.swift; path = BudgetApp.swift; sourceTree = "<group>"; };
		82D823742FED8EA1008B80F2 /* BudgetTests.xctest */ = {isa = PBXFileReference; explicitFileType = wrapper.cfbundle; includeInIndex = 0; path = BudgetTests.xctest; sourceTree = BUILT_PRODUCTS_DIR; };
/* End PBXFileReference section */

/* Begin PBXFileSystemSynchronizedRootGroup section */
		82D823752FED8EA1008B80F2 /* BudgetTests */ = {
			isa = PBXFileSystemSynchronizedRootGroup;
			path = BudgetTests;
			sourceTree = "<group>";
		};
/* End PBXFileSystemSynchronizedRootGroup section */

/* Begin PBXFrameworksBuildPhase section */
		823805A12F3A4D6900AF0473 /* Frameworks */ = {
			isa = PBXFrameworksBuildPhase;
			buildActionMask = 2147483647;
			files = (
			);
			runOnlyForDeploymentPostprocessing = 0;
		};
		82D823712FED8EA1008B80F2 /* Frameworks */ = {
			isa = PBXFrameworksBuildPhase;
			buildActionMask = 2147483647;
			files = (
			);
			runOnlyForDeploymentPostprocessing = 0;
		};
/* End PBXFrameworksBuildPhase section */

/* Begin PBXGroup section */
		8210AEF52F3DF0D00093C833 /* Models */ = {
			isa = PBXGroup;
			children = (
				8210AEF32F3DDC870093C833 /* Operation.swift */,
				823E575F2F742BBA00372A2F /* OperationType.swift */,
			);
			path = Models;
			sourceTree = "<group>";
		};
		8210AF0D2F3DF18D0093C833 /* Views */ = {
			isa = PBXGroup;
			children = (
				8210AF022F3DF16A0093C833 /* ContentView.swift */,
				8210AF032F3DF16A0093C833 /* LoggedInView.swift */,
				8210AF042F3DF16A0093C833 /* LoginView.swift */,
				8210AF062F3DF16A0093C833 /* OperationListView.swift */,
				8210AF0E2F3DFFC40093C833 /* OperationRowView.swift */,
				8210AF052F3DF16A0093C833 /* OperationDetailView.swift */,
				8244D0372F505F6800D0E1B9 /* OperationFormView.swift */,
			);
			path = Views;
			sourceTree = "<group>";
		};
		822DB17D2F4880410093A51D /* ViewModels */ = {
			isa = PBXGroup;
			children = (
				822DB17A2F487FF60093A51D /* ListViewModel.swift */,
				8244D0352F505F3500D0E1B9 /* FormViewModel.swift */,
			);
			path = ViewModels;
			sourceTree = "<group>";
		};
		8238059B2F3A4D6800AF0473 = {
			isa = PBXGroup;
			children = (
				82D823662FED8BC7008B80F2 /* Assets.xcassets */,
				82D823672FED8BC7008B80F2 /* BudgetApp.swift */,
				8210AF0D2F3DF18D0093C833 /* Views */,
				822DB17D2F4880410093A51D /* ViewModels */,
				8210AEF52F3DF0D00093C833 /* Models */,
				82B5ED982FA0F5010012B391 /* Services */,
				82D823752FED8EA1008B80F2 /* BudgetTests */,
				823805A52F3A4D6900AF0473 /* Products */,
			);
			sourceTree = "<group>";
		};
		823805A52F3A4D6900AF0473 /* Products */ = {
			isa = PBXGroup;
			children = (
				823805A42F3A4D6900AF0473 /* Budget.app */,
				82D823742FED8EA1008B80F2 /* BudgetTests.xctest */,
			);
			name = Products;
			sourceTree = "<group>";
		};
		82B5ED982FA0F5010012B391 /* Services */ = {
			isa = PBXGroup;
			children = (
				823BD8792F757AE50018DC35 /* OperationsStorageProtocol.swift */,
				828A56372F9FDD1800A478B7 /* MockStorage.swift */,
				828667D52FF5778D00F77A27 /* TestMockStorage.swift */,
				82AC3B972FA905F800F7169E /* StorageError.swift */,
			);
			path = Services;
			sourceTree = "<group>";
		};
/* End PBXGroup section */

/* Begin PBXNativeTarget section */
		823805A32F3A4D6900AF0473 /* Budget */ = {
			isa = PBXNativeTarget;
			buildConfigurationList = 823805AF2F3A4D6B00AF0473 /* Build configuration list for PBXNativeTarget "Budget" */;
			buildPhases = (
				823805A02F3A4D6900AF0473 /* Sources */,
				823805A12F3A4D6900AF0473 /* Frameworks */,
				823805A22F3A4D6900AF0473 /* Resources */,
			);
			buildRules = (
			);
			dependencies = (
			);
			name = Budget;
			packageProductDependencies = (
			);
			productName = Budget;
			productReference = 823805A42F3A4D6900AF0473 /* Budget.app */;
			productType = "com.apple.product-type.application";
		};
		82D823732FED8EA1008B80F2 /* BudgetTests */ = {
			isa = PBXNativeTarget;
			buildConfigurationList = 82D8237A2FED8EA1008B80F2 /* Build configuration list for PBXNativeTarget "BudgetTests" */;
			buildPhases = (
				82D823702FED8EA1008B80F2 /* Sources */,
				82D823712FED8EA1008B80F2 /* Frameworks */,
				82D823722FED8EA1008B80F2 /* Resources */,
			);
			buildRules = (
			);
			dependencies = (
				82D823792FED8EA1008B80F2 /* PBXTargetDependency */,
			);
			fileSystemSynchronizedGroups = (
				82D823752FED8EA1008B80F2 /* BudgetTests */,
			);
			name = BudgetTests;
			packageProductDependencies = (
			);
			productName = BudgetTests;
			productReference = 82D823742FED8EA1008B80F2 /* BudgetTests.xctest */;
			productType = "com.apple.product-type.bundle.unit-test";
		};
/* End PBXNativeTarget section */

/* Begin PBXProject section */
		8238059C2F3A4D6900AF0473 /* Project object */ = {
			isa = PBXProject;
			attributes = {
				BuildIndependentTargetsInParallel = 1;
				LastSwiftUpdateCheck = 2600;
				LastUpgradeCheck = 2600;
				TargetAttributes = {
					823805A32F3A4D6900AF0473 = {
						CreatedOnToolsVersion = 26.0.1;
					};
					82D823732FED8EA1008B80F2 = {
						CreatedOnToolsVersion = 26.0.1;
						TestTargetID = 823805A32F3A4D6900AF0473;
					};
				};
			};
			buildConfigurationList = 8238059F2F3A4D6900AF0473 /* Build configuration list for PBXProject "Budget" */;
			developmentRegion = en;
			hasScannedForEncodings = 0;
			knownRegions = (
				en,
				Base,
			);
			mainGroup = 8238059B2F3A4D6800AF0473;
			minimizedProjectReferenceProxies = 1;
			preferredProjectObjectVersion = 77;
			productRefGroup = 823805A52F3A4D6900AF0473 /* Products */;
			projectDirPath = "";
			projectRoot = "";
			targets = (
				823805A32F3A4D6900AF0473 /* Budget */,
				82D823732FED8EA1008B80F2 /* BudgetTests */,
			);
		};
/* End PBXProject section */

/* Begin PBXResourcesBuildPhase section */
		823805A22F3A4D6900AF0473 /* Resources */ = {
			isa = PBXResourcesBuildPhase;
			buildActionMask = 2147483647;
			files = (
				82D823682FED8BC7008B80F2 /* Assets.xcassets in Resources */,
			);
			runOnlyForDeploymentPostprocessing = 0;
		};
		82D823722FED8EA1008B80F2 /* Resources */ = {
			isa = PBXResourcesBuildPhase;
			buildActionMask = 2147483647;
			files = (
			);
			runOnlyForDeploymentPostprocessing = 0;
		};
/* End PBXResourcesBuildPhase section */

/* Begin PBXSourcesBuildPhase section */
		823805A02F3A4D6900AF0473 /* Sources */ = {
			isa = PBXSourcesBuildPhase;
			buildActionMask = 2147483647;
			files = (
				8244D0362F505F4400D0E1B9 /* FormViewModel.swift in Sources */,
				828A56382F9FDD2100A478B7 /* MockStorage.swift in Sources */,
				828667D62FF5779100F77A27 /* TestMockStorage.swift in Sources */,
				823E57602F742BC700372A2F /* OperationType.swift in Sources */,
				822DB17C2F487FF60093A51D /* ListViewModel.swift in Sources */,
				82AC3B982FA905FC00F7169E /* StorageError.swift in Sources */,
				8210AEF42F3DDC870093C833 /* Operation.swift in Sources */,
				8210AF0F2F3DFFC70093C833 /* OperationRowView.swift in Sources */,
				8210AF082F3DF16A0093C833 /* ContentView.swift in Sources */,
				823BD87A2F757AE80018DC35 /* OperationsStorageProtocol.swift in Sources */,
				8210AF092F3DF16A0093C833 /* OperationListView.swift in Sources */,
				8210AF0C2F3DF16A0093C833 /* LoginView.swift in Sources */,
				8244D0382F505F7000D0E1B9 /* OperationFormView.swift in Sources */,
				8210AF0A2F3DF16A0093C833 /* OperationDetailView.swift in Sources */,
				8210AF0B2F3DF16A0093C833 /* LoggedInView.swift in Sources */,
				82D823692FED8BC7008B80F2 /* BudgetApp.swift in Sources */,
			);
			runOnlyForDeploymentPostprocessing = 0;
		};
		82D823702FED8EA1008B80F2 /* Sources */ = {
			isa = PBXSourcesBuildPhase;
			buildActionMask = 2147483647;
			files = (
			);
			runOnlyForDeploymentPostprocessing = 0;
		};
/* End PBXSourcesBuildPhase section */

/* Begin PBXTargetDependency section */
		82D823792FED8EA1008B80F2 /* PBXTargetDependency */ = {
			isa = PBXTargetDependency;
			target = 823805A32F3A4D6900AF0473 /* Budget */;
			targetProxy = 82D823782FED8EA1008B80F2 /* PBXContainerItemProxy */;
		};
/* End PBXTargetDependency section */

/* Begin XCBuildConfiguration section */
		823805AD2F3A4D6B00AF0473 /* Debug */ = {
			isa = XCBuildConfiguration;
			buildSettings = {
				ALWAYS_SEARCH_USER_PATHS = NO;
				ASSETCATALOG_COMPILER_GENERATE_SWIFT_ASSET_SYMBOL_EXTENSIONS = YES;
				CLANG_ANALYZER_NONNULL = YES;
				CLANG_ANALYZER_NUMBER_OBJECT_CONVERSION = YES_AGGRESSIVE;
				CLANG_CXX_LANGUAGE_STANDARD = "gnu++20";
				CLANG_ENABLE_MODULES = YES;
				CLANG_ENABLE_OBJC_ARC = YES;
				CLANG_ENABLE_OBJC_WEAK = YES;
				CLANG_WARN_BLOCK_CAPTURE_AUTORELEASING = YES;
				CLANG_WARN_BOOL_CONVERSION = YES;
				CLANG_WARN_COMMA = YES;
				CLANG_WARN_CONSTANT_CONVERSION = YES;
				CLANG_WARN_DEPRECATED_OBJC_IMPLEMENTATIONS = YES;
				CLANG_WARN_DIRECT_OBJC_ISA_USAGE = YES_ERROR;
				CLANG_WARN_DOCUMENTATION_COMMENTS = YES;
				CLANG_WARN_EMPTY_BODY = YES;
				CLANG_WARN_ENUM_CONVERSION = YES;
				CLANG_WARN_INFINITE_RECURSION = YES;
				CLANG_WARN_INT_CONVERSION = YES;
				CLANG_WARN_NON_LITERAL_NULL_CONVERSION = YES;
				CLANG_WARN_OBJC_IMPLICIT_RETAIN_SELF = YES;
				CLANG_WARN_OBJC_LITERAL_CONVERSION = YES;
				CLANG_WARN_OBJC_ROOT_CLASS = YES_ERROR;
				CLANG_WARN_QUOTED_INCLUDE_IN_FRAMEWORK_HEADER = YES;
				CLANG_WARN_RANGE_LOOP_ANALYSIS = YES;
				CLANG_WARN_STRICT_PROTOTYPES = YES;
				CLANG_WARN_SUSPICIOUS_MOVE = YES;
				CLANG_WARN_UNGUARDED_AVAILABILITY = YES_AGGRESSIVE;
				CLANG_WARN_UNREACHABLE_CODE = YES;
				CLANG_WARN__DUPLICATE_METHOD_MATCH = YES;
				COPY_PHASE_STRIP = NO;
				DEBUG_INFORMATION_FORMAT = dwarf;
				ENABLE_STRICT_OBJC_MSGSEND = YES;
				ENABLE_TESTABILITY = YES;
				ENABLE_USER_SCRIPT_SANDBOXING = YES;
				GCC_C_LANGUAGE_STANDARD = gnu17;
				GCC_DYNAMIC_NO_PIC = NO;
				GCC_NO_COMMON_BLOCKS = YES;
				GCC_OPTIMIZATION_LEVEL = 0;
				GCC_PREPROCESSOR_DEFINITIONS = (
					"DEBUG=1",
					"$(inherited)",
				);
				GCC_WARN_64_TO_32_BIT_CONVERSION = YES;
				GCC_WARN_ABOUT_RETURN_TYPE = YES_ERROR;
				GCC_WARN_UNDECLARED_SELECTOR = YES;
				GCC_WARN_UNINITIALIZED_AUTOS = YES_AGGRESSIVE;
				GCC_WARN_UNUSED_FUNCTION = YES;
				GCC_WARN_UNUSED_VARIABLE = YES;
				IPHONEOS_DEPLOYMENT_TARGET = 26.0;
				LOCALIZATION_PREFERS_STRING_CATALOGS = YES;
				MTL_ENABLE_DEBUG_INFO = INCLUDE_SOURCE;
				MTL_FAST_MATH = YES;
				ONLY_ACTIVE_ARCH = YES;
				SDKROOT = iphoneos;
				SWIFT_ACTIVE_COMPILATION_CONDITIONS = "DEBUG $(inherited)";
				SWIFT_OPTIMIZATION_LEVEL = "-Onone";
			};
			name = Debug;
		};
		823805AE2F3A4D6B00AF0473 /* Release */ = {
			isa = XCBuildConfiguration;
			buildSettings = {
				ALWAYS_SEARCH_USER_PATHS = NO;
				ASSETCATALOG_COMPILER_GENERATE_SWIFT_ASSET_SYMBOL_EXTENSIONS = YES;
				CLANG_ANALYZER_NONNULL = YES;
				CLANG_ANALYZER_NUMBER_OBJECT_CONVERSION = YES_AGGRESSIVE;
				CLANG_CXX_LANGUAGE_STANDARD = "gnu++20";
				CLANG_ENABLE_MODULES = YES;
				CLANG_ENABLE_OBJC_ARC = YES;
				CLANG_ENABLE_OBJC_WEAK = YES;
				CLANG_WARN_BLOCK_CAPTURE_AUTORELEASING = YES;
				CLANG_WARN_BOOL_CONVERSION = YES;
				CLANG_WARN_COMMA = YES;
				CLANG_WARN_CONSTANT_CONVERSION = YES;
				CLANG_WARN_DEPRECATED_OBJC_IMPLEMENTATIONS = YES;
				CLANG_WARN_DIRECT_OBJC_ISA_USAGE = YES_ERROR;
				CLANG_WARN_DOCUMENTATION_COMMENTS = YES;
				CLANG_WARN_EMPTY_BODY = YES;
				CLANG_WARN_ENUM_CONVERSION = YES;
				CLANG_WARN_INFINITE_RECURSION = YES;
				CLANG_WARN_INT_CONVERSION = YES;
				CLANG_WARN_NON_LITERAL_NULL_CONVERSION = YES;
				CLANG_WARN_OBJC_IMPLICIT_RETAIN_SELF = YES;
				CLANG_WARN_OBJC_LITERAL_CONVERSION = YES;
				CLANG_WARN_OBJC_ROOT_CLASS = YES_ERROR;
				CLANG_WARN_QUOTED_INCLUDE_IN_FRAMEWORK_HEADER = YES;
				CLANG_WARN_RANGE_LOOP_ANALYSIS = YES;
				CLANG_WARN_STRICT_PROTOTYPES = YES;
				CLANG_WARN_SUSPICIOUS_MOVE = YES;
				CLANG_WARN_UNGUARDED_AVAILABILITY = YES_AGGRESSIVE;
				CLANG_WARN_UNREACHABLE_CODE = YES;
				CLANG_WARN__DUPLICATE_METHOD_MATCH = YES;
				COPY_PHASE_STRIP = NO;
				DEBUG_INFORMATION_FORMAT = "dwarf-with-dsym";
				ENABLE_NS_ASSERTIONS = NO;
				ENABLE_STRICT_OBJC_MSGSEND = YES;
				ENABLE_USER_SCRIPT_SANDBOXING = YES;
				GCC_C_LANGUAGE_STANDARD = gnu17;
				GCC_NO_COMMON_BLOCKS = YES;
				GCC_WARN_64_TO_32_BIT_CONVERSION = YES;
				GCC_WARN_ABOUT_RETURN_TYPE = YES_ERROR;
				GCC_WARN_UNDECLARED_SELECTOR = YES;
				GCC_WARN_UNINITIALIZED_AUTOS = YES_AGGRESSIVE;
				GCC_WARN_UNUSED_FUNCTION = YES;
				GCC_WARN_UNUSED_VARIABLE = YES;
				IPHONEOS_DEPLOYMENT_TARGET = 26.0;
				LOCALIZATION_PREFERS_STRING_CATALOGS = YES;
				MTL_ENABLE_DEBUG_INFO = NO;
				MTL_FAST_MATH = YES;
				SDKROOT = iphoneos;
				SWIFT_COMPILATION_MODE = wholemodule;
				VALIDATE_PRODUCT = YES;
			};
			name = Release;
		};
		823805B02F3A4D6B00AF0473 /* Debug */ = {
			isa = XCBuildConfiguration;
			buildSettings = {
				ASSETCATALOG_COMPILER_APPICON_NAME = AppIcon;
				ASSETCATALOG_COMPILER_GLOBAL_ACCENT_COLOR_NAME = AccentColor;
				CODE_SIGN_STYLE = Automatic;
				CURRENT_PROJECT_VERSION = 1;
				ENABLE_PREVIEWS = YES;
				GENERATE_INFOPLIST_FILE = YES;
				INFOPLIST_KEY_UIApplicationSceneManifest_Generation = YES;
				INFOPLIST_KEY_UIApplicationSupportsIndirectInputEvents = YES;
				INFOPLIST_KEY_UILaunchScreen_Generation = YES;
				INFOPLIST_KEY_UISupportedInterfaceOrientations_iPad = "UIInterfaceOrientationPortrait UIInterfaceOrientationPortraitUpsideDown UIInterfaceOrientationLandscapeLeft UIInterfaceOrientationLandscapeRight";
				INFOPLIST_KEY_UISupportedInterfaceOrientations_iPhone = "UIInterfaceOrientationPortrait UIInterfaceOrientationLandscapeLeft UIInterfaceOrientationLandscapeRight";
				LD_RUNPATH_SEARCH_PATHS = (
					"$(inherited)",
					"@executable_path/Frameworks",
				);
				MARKETING_VERSION = 1.0;
				PRODUCT_BUNDLE_IDENTIFIER = First.Budget;
				PRODUCT_NAME = "$(TARGET_NAME)";
				STRING_CATALOG_GENERATE_SYMBOLS = YES;
				SWIFT_APPROACHABLE_CONCURRENCY = YES;
				SWIFT_DEFAULT_ACTOR_ISOLATION = MainActor;
				SWIFT_EMIT_LOC_STRINGS = YES;
				SWIFT_UPCOMING_FEATURE_MEMBER_IMPORT_VISIBILITY = YES;
				SWIFT_VERSION = 5.0;
				TARGETED_DEVICE_FAMILY = "1,2";
			};
			name = Debug;
		};
		823805B12F3A4D6B00AF0473 /* Release */ = {
			isa = XCBuildConfiguration;
			buildSettings = {
				ASSETCATALOG_COMPILER_APPICON_NAME = AppIcon;
				ASSETCATALOG_COMPILER_GLOBAL_ACCENT_COLOR_NAME = AccentColor;
				CODE_SIGN_STYLE = Automatic;
				CURRENT_PROJECT_VERSION = 1;
				ENABLE_PREVIEWS = YES;
				GENERATE_INFOPLIST_FILE = YES;
				INFOPLIST_KEY_UIApplicationSceneManifest_Generation = YES;
				INFOPLIST_KEY_UIApplicationSupportsIndirectInputEvents = YES;
				INFOPLIST_KEY_UILaunchScreen_Generation = YES;
				INFOPLIST_KEY_UISupportedInterfaceOrientations_iPad = "UIInterfaceOrientationPortrait UIInterfaceOrientationPortraitUpsideDown UIInterfaceOrientationLandscapeLeft UIInterfaceOrientationLandscapeRight";
				INFOPLIST_KEY_UISupportedInterfaceOrientations_iPhone = "UIInterfaceOrientationPortrait UIInterfaceOrientationLandscapeLeft UIInterfaceOrientationLandscapeRight";
				LD_RUNPATH_SEARCH_PATHS = (
					"$(inherited)",
					"@executable_path/Frameworks",
				);
				MARKETING_VERSION = 1.0;
				PRODUCT_BUNDLE_IDENTIFIER = First.Budget;
				PRODUCT_NAME = "$(TARGET_NAME)";
				STRING_CATALOG_GENERATE_SYMBOLS = YES;
				SWIFT_APPROACHABLE_CONCURRENCY = YES;
				SWIFT_DEFAULT_ACTOR_ISOLATION = MainActor;
				SWIFT_EMIT_LOC_STRINGS = YES;
				SWIFT_UPCOMING_FEATURE_MEMBER_IMPORT_VISIBILITY = YES;
				SWIFT_VERSION = 5.0;
				TARGETED_DEVICE_FAMILY = "1,2";
			};
			name = Release;
		};
		82D8237B2FED8EA1008B80F2 /* Debug */ = {
			isa = XCBuildConfiguration;
			buildSettings = {
				BUNDLE_LOADER = "$(TEST_HOST)";
				CODE_SIGN_STYLE = Automatic;
				CURRENT_PROJECT_VERSION = 1;
				GENERATE_INFOPLIST_FILE = YES;
				MARKETING_VERSION = 1.0;
				PRODUCT_BUNDLE_IDENTIFIER = First.BudgetTests;
				PRODUCT_NAME = "$(TARGET_NAME)";
				STRING_CATALOG_GENERATE_SYMBOLS = NO;
				SWIFT_APPROACHABLE_CONCURRENCY = YES;
				SWIFT_EMIT_LOC_STRINGS = NO;
				SWIFT_UPCOMING_FEATURE_MEMBER_IMPORT_VISIBILITY = YES;
				SWIFT_VERSION = 5.0;
				TARGETED_DEVICE_FAMILY = "1,2";
				TEST_HOST = "$(BUILT_PRODUCTS_DIR)/Budget.app/$(BUNDLE_EXECUTABLE_FOLDER_PATH)/Budget";
			};
			name = Debug;
		};
		82D8237C2FED8EA1008B80F2 /* Release */ = {
			isa = XCBuildConfiguration;
			buildSettings = {
				BUNDLE_LOADER = "$(TEST_HOST)";
				CODE_SIGN_STYLE = Automatic;
				CURRENT_PROJECT_VERSION = 1;
				GENERATE_INFOPLIST_FILE = YES;
				MARKETING_VERSION = 1.0;
				PRODUCT_BUNDLE_IDENTIFIER = First.BudgetTests;
				PRODUCT_NAME = "$(TARGET_NAME)";
				STRING_CATALOG_GENERATE_SYMBOLS = NO;
				SWIFT_APPROACHABLE_CONCURRENCY = YES;
				SWIFT_EMIT_LOC_STRINGS = NO;
				SWIFT_UPCOMING_FEATURE_MEMBER_IMPORT_VISIBILITY = YES;
				SWIFT_VERSION = 5.0;
				TARGETED_DEVICE_FAMILY = "1,2";
				TEST_HOST = "$(BUILT_PRODUCTS_DIR)/Budget.app/$(BUNDLE_EXECUTABLE_FOLDER_PATH)/Budget";
			};
			name = Release;
		};
/* End XCBuildConfiguration section */

/* Begin XCConfigurationList section */
		8238059F2F3A4D6900AF0473 /* Build configuration list for PBXProject "Budget" */ = {
			isa = XCConfigurationList;
			buildConfigurations = (
				823805AD2F3A4D6B00AF0473 /* Debug */,
				823805AE2F3A4D6B00AF0473 /* Release */,
			);
			defaultConfigurationIsVisible = 0;
			defaultConfigurationName = Release;
		};
		823805AF2F3A4D6B00AF0473 /* Build configuration list for PBXNativeTarget "Budget" */ = {
			isa = XCConfigurationList;
			buildConfigurations = (
				823805B02F3A4D6B00AF0473 /* Debug */,
				823805B12F3A4D6B00AF0473 /* Release */,
			);
			defaultConfigurationIsVisible = 0;
			defaultConfigurationName = Release;
		};
		82D8237A2FED8EA1008B80F2 /* Build configuration list for PBXNativeTarget "BudgetTests" */ = {
			isa = XCConfigurationList;
			buildConfigurations = (
				82D8237B2FED8EA1008B80F2 /* Debug */,
				82D8237C2FED8EA1008B80F2 /* Release */,
			);
			defaultConfigurationIsVisible = 0;
			defaultConfigurationName = Release;
		};
/* End XCConfigurationList section */
	};
	rootObject = 8238059C2F3A4D6900AF0473 /* Project object */;
}
